// !$*UTF8*$!
{
	archiveVersion = 1;
	classes = {
	};
	objectVersion = 56;
	objects = {

/* Begin PBXBuildFile section */
		281E8ED22B3CE0CF00DBE43B /* Registration.swift in Sources */ = {isa = PBXBuildFile; fileRef = 281E8ED12B3CE0CF00DBE43B /* Registration.swift */; };
		281E8ED42B3CE0DB00DBE43B /* Login.swift in Sources */ = {isa = PBXBuildFile; fileRef = 281E8ED32B3CE0DB00DBE43B /* Login.swift */; };
		281E8ED72B3CE53300DBE43B /* User.swift in Sources */ = {isa = PBXBuildFile; fileRef = 281E8ED62B3CE53300DBE43B /* User.swift */; };
		28D1D2002B47D7C5001FD0D7 /* FirebaseAnalytics in Frameworks */ = {isa = PBXBuildFile; productRef = 28D1D1FF2B47D7C5001FD0D7 /* FirebaseAnalytics */; };
		28D1D2022B47D7C5001FD0D7 /* FirebaseAnalyticsOnDeviceConversion in Frameworks */ = {isa = PBXBuildFile; productRef = 28D1D2012B47D7C5001FD0D7 /* FirebaseAnalyticsOnDeviceConversion */; };
		28D1D2042B47D7C5001FD0D7 /* FirebaseAnalyticsSwift in Frameworks */ = {isa = PBXBuildFile; productRef = 28D1D2032B47D7C5001FD0D7 /* FirebaseAnalyticsSwift */; };
		28D1D2062B47D7C5001FD0D7 /* FirebaseAnalyticsWithoutAdIdSupport in Frameworks */ = {isa = PBXBuildFile; productRef = 28D1D2052B47D7C5001FD0D7 /* FirebaseAnalyticsWithoutAdIdSupport */; };
		28D1D2082B47D7C5001FD0D7 /* FirebaseAppCheck in Frameworks */ = {isa = PBXBuildFile; productRef = 28D1D2072B47D7C5001FD0D7 /* FirebaseAppCheck */; };
		28D1D20A2B47D7C5001FD0D7 /* FirebaseAppDistribution-Beta in Frameworks */ = {isa = PBXBuildFile; productRef = 28D1D2092B47D7C5001FD0D7 /* FirebaseAppDistribution-Beta */; };
		28D1D20C2B47D7C5001FD0D7 /* FirebaseAuth in Frameworks */ = {isa = PBXBuildFile; productRef = 28D1D20B2B47D7C5001FD0D7 /* FirebaseAuth */; };
		28D1D20E2B47D7C5001FD0D7 /* FirebaseAuthCombine-Community in Frameworks */ = {isa = PBXBuildFile; productRef = 28D1D20D2B47D7C5001FD0D7 /* FirebaseAuthCombine-Community */; };
		28D1D2102B47D7C5001FD0D7 /* FirebaseCrashlytics in Frameworks */ = {isa = PBXBuildFile; productRef = 28D1D20F2B47D7C5001FD0D7 /* FirebaseCrashlytics */; };
		28D1D2122B47D7C5001FD0D7 /* FirebaseDatabase in Frameworks */ = {isa = PBXBuildFile; productRef = 28D1D2112B47D7C5001FD0D7 /* FirebaseDatabase */; };
		28D1D2142B47D7C5001FD0D7 /* FirebaseDatabaseSwift in Frameworks */ = {isa = PBXBuildFile; productRef = 28D1D2132B47D7C5001FD0D7 /* FirebaseDatabaseSwift */; };
		28D1D2162B47D7C5001FD0D7 /* FirebaseDynamicLinks in Frameworks */ = {isa = PBXBuildFile; productRef = 28D1D2152B47D7C5001FD0D7 /* FirebaseDynamicLinks */; };
		28D1D2182B47D7C5001FD0D7 /* FirebaseFirestore in Frameworks */ = {isa = PBXBuildFile; productRef = 28D1D2172B47D7C5001FD0D7 /* FirebaseFirestore */; };
		28D1D21A2B47D7C5001FD0D7 /* FirebaseFirestoreCombine-Community in Frameworks */ = {isa = PBXBuildFile; productRef = 28D1D2192B47D7C5001FD0D7 /* FirebaseFirestoreCombine-Community */; };
		28D1D21C2B47D7C5001FD0D7 /* FirebaseFirestoreSwift in Frameworks */ = {isa = PBXBuildFile; productRef = 28D1D21B2B47D7C5001FD0D7 /* FirebaseFirestoreSwift */; };
		28D1D21E2B47D7C5001FD0D7 /* FirebaseFunctions in Frameworks */ = {isa = PBXBuildFile; productRef = 28D1D21D2B47D7C5001FD0D7 /* FirebaseFunctions */; };
		28D1D2202B47D7C5001FD0D7 /* FirebaseFunctionsCombine-Community in Frameworks */ = {isa = PBXBuildFile; productRef = 28D1D21F2B47D7C5001FD0D7 /* FirebaseFunctionsCombine-Community */; };
		28D1D2222B47D7C5001FD0D7 /* FirebaseInAppMessaging-Beta in Frameworks */ = {isa = PBXBuildFile; productRef = 28D1D2212B47D7C5001FD0D7 /* FirebaseInAppMessaging-Beta */; };
		28D1D2242B47D7C5001FD0D7 /* FirebaseInAppMessagingSwift-Beta in Frameworks */ = {isa = PBXBuildFile; productRef = 28D1D2232B47D7C5001FD0D7 /* FirebaseInAppMessagingSwift-Beta */; };
		28D1D2262B47D7C5001FD0D7 /* FirebaseInstallations in Frameworks */ = {isa = PBXBuildFile; productRef = 28D1D2252B47D7C5001FD0D7 /* FirebaseInstallations */; };
		28D1D2282B47D7C5001FD0D7 /* FirebaseMLModelDownloader in Frameworks */ = {isa = PBXBuildFile; productRef = 28D1D2272B47D7C5001FD0D7 /* FirebaseMLModelDownloader */; };
		28D1D22A2B47D7C5001FD0D7 /* FirebaseMessaging in Frameworks */ = {isa = PBXBuildFile; productRef = 28D1D2292B47D7C5001FD0D7 /* FirebaseMessaging */; };
		28D1D22C2B47D7C5001FD0D7 /* FirebasePerformance in Frameworks */ = {isa = PBXBuildFile; productRef = 28D1D22B2B47D7C5001FD0D7 /* FirebasePerformance */; };
		28D1D22E2B47D7C5001FD0D7 /* FirebaseRemoteConfig in Frameworks */ = {isa = PBXBuildFile; productRef = 28D1D22D2B47D7C5001FD0D7 /* FirebaseRemoteConfig */; };
		28D1D2302B47D7C5001FD0D7 /* FirebaseRemoteConfigSwift in Frameworks */ = {isa = PBXBuildFile; productRef = 28D1D22F2B47D7C5001FD0D7 /* FirebaseRemoteConfigSwift */; };
		28D1D2322B47D7C5001FD0D7 /* FirebaseStorage in Frameworks */ = {isa = PBXBuildFile; productRef = 28D1D2312B47D7C5001FD0D7 /* FirebaseStorage */; };
		28D1D2342B47D7C5001FD0D7 /* FirebaseStorageCombine-Community in Frameworks */ = {isa = PBXBuildFile; productRef = 28D1D2332B47D7C5001FD0D7 /* FirebaseStorageCombine-Community */; };
		28E841DC2B3BF809003A9959 /* AppApp.swift in Sources */ = {isa = PBXBuildFile; fileRef = 28E841DB2B3BF809003A9959 /* AppApp.swift */; };
		28E841DE2B3BF809003A9959 /* ContentView.swift in Sources */ = {isa = PBXBuildFile; fileRef = 28E841DD2B3BF809003A9959 /* ContentView.swift */; };
		28E841E02B3BF809003A9959 /* Item.swift in Sources */ = {isa = PBXBuildFile; fileRef = 28E841DF2B3BF809003A9959 /* Item.swift */; };
		28E841E22B3BF80B003A9959 /* Assets.xcassets in Resources */ = {isa = PBXBuildFile; fileRef = 28E841E12B3BF80B003A9959 /* Assets.xcassets */; };
		28E841E52B3BF80B003A9959 /* Preview Assets.xcassets in Resources */ = {isa = PBXBuildFile; fileRef = 28E841E42B3BF80B003A9959 /* Preview Assets.xcassets */; };
		28E841EF2B3BF80C003A9959 /* AppTests.swift in Sources */ = {isa = PBXBuildFile; fileRef = 28E841EE2B3BF80C003A9959 /* AppTests.swift */; };
		28E841F92B3BF80C003A9959 /* AppUITests.swift in Sources */ = {isa = PBXBuildFile; fileRef = 28E841F82B3BF80C003A9959 /* AppUITests.swift */; };
		28E841FB2B3BF80C003A9959 /* AppUITestsLaunchTests.swift in Sources */ = {isa = PBXBuildFile; fileRef = 28E841FA2B3BF80C003A9959 /* AppUITestsLaunchTests.swift */; };
/* End PBXBuildFile section */

/* Begin PBXContainerItemProxy section */
		28E841EB2B3BF80C003A9959 /* PBXContainerItemProxy */ = {
			isa = PBXContainerItemProxy;
			containerPortal = 28E841D02B3BF809003A9959 /* Project object */;
			proxyType = 1;
			remoteGlobalIDString = 28E841D72B3BF809003A9959;
			remoteInfo = App;
		};
		28E841F52B3BF80C003A9959 /* PBXContainerItemProxy */ = {
			isa = PBXContainerItemProxy;
			containerPortal = 28E841D02B3BF809003A9959 /* Project object */;
			proxyType = 1;
			remoteGlobalIDString = 28E841D72B3BF809003A9959;
			remoteInfo = App;
		};
/* End PBXContainerItemProxy section */

/* Begin PBXFileReference section */
		281E8ED12B3CE0CF00DBE43B /* Registration.swift */ = {isa = PBXFileReference; lastKnownFileType = sourcecode.swift; path = Registration.swift; sourceTree = "<group>"; };
		281E8ED32B3CE0DB00DBE43B /* Login.swift */ = {isa = PBXFileReference; lastKnownFileType = sourcecode.swift; path = Login.swift; sourceTree = "<group>"; };
		281E8ED62B3CE53300DBE43B /* User.swift */ = {isa = PBXFileReference; lastKnownFileType = sourcecode.swift; path = User.swift; sourceTree = "<group>"; };
		28E841D82B3BF809003A9959 /* App.app */ = {isa = PBXFileReference; explicitFileType = wrapper.application; includeInIndex = 0; path = App.app; sourceTree = BUILT_PRODUCTS_DIR; };
		28E841DB2B3BF809003A9959 /* AppApp.swift */ = {isa = PBXFileReference; lastKnownFileType = sourcecode.swift; path = AppApp.swift; sourceTree = "<group>"; };
		28E841DD2B3BF809003A9959 /* ContentView.swift */ = {isa = PBXFileReference; lastKnownFileType = sourcecode.swift; path = ContentView.swift; sourceTree = "<group>"; };
		28E841DF2B3BF809003A9959 /* Item.swift */ = {isa = PBXFileReference; lastKnownFileType = sourcecode.swift; path = Item.swift; sourceTree = "<group>"; };
		28E841E12B3BF80B003A9959 /* Assets.xcassets */ = {isa = PBXFileReference; lastKnownFileType = folder.assetcatalog; path = Assets.xcassets; sourceTree = "<group>"; };
		28E841E42B3BF80B003A9959 /* Preview Assets.xcassets */ = {isa = PBXFileReference; lastKnownFileType = folder.assetcatalog; path = "Preview Assets.xcassets"; sourceTree = "<group>"; };
		28E841EA2B3BF80C003A9959 /* AppTests.xctest */ = {isa = PBXFileReference; explicitFileType = wrapper.cfbundle; includeInIndex = 0; path = AppTests.xctest; sourceTree = BUILT_PRODUCTS_DIR; };
		28E841EE2B3BF80C003A9959 /* AppTests.swift */ = {isa = PBXFileReference; lastKnownFileType = sourcecode.swift; path = AppTests.swift; sourceTree = "<group>"; };
		28E841F42B3BF80C003A9959 /* AppUITests.xctest */ = {isa = PBXFileReference; explicitFileType = wrapper.cfbundle; includeInIndex = 0; path = AppUITests.xctest; sourceTree = BUILT_PRODUCTS_DIR; };
		28E841F82B3BF80C003A9959 /* AppUITests.swift */ = {isa = PBXFileReference; lastKnownFileType = sourcecode.swift; path = AppUITests.swift; sourceTree = "<group>"; };
		28E841FA2B3BF80C003A9959 /* AppUITestsLaunchTests.swift */ = {isa = PBXFileReference; lastKnownFileType = sourcecode.swift; path = AppUITestsLaunchTests.swift; sourceTree = "<group>"; };
/* End PBXFileReference section */

/* Begin PBXFrameworksBuildPhase section */
		28E841D52B3BF809003A9959 /* Frameworks */ = {
			isa = PBXFrameworksBuildPhase;
			buildActionMask = 2147483647;
			files = (
				28D1D2122B47D7C5001FD0D7 /* FirebaseDatabase in Frameworks */,
				28D1D2202B47D7C5001FD0D7 /* FirebaseFunctionsCombine-Community in Frameworks */,
				28D1D2182B47D7C5001FD0D7 /* FirebaseFirestore in Frameworks */,
				28D1D2042B47D7C5001FD0D7 /* FirebaseAnalyticsSwift in Frameworks */,
				28D1D2002B47D7C5001FD0D7 /* FirebaseAnalytics in Frameworks */,
				28D1D2022B47D7C5001FD0D7 /* FirebaseAnalyticsOnDeviceConversion in Frameworks */,
				28D1D2282B47D7C5001FD0D7 /* FirebaseMLModelDownloader in Frameworks */,
				28D1D21C2B47D7C5001FD0D7 /* FirebaseFirestoreSwift in Frameworks */,
				28D1D2082B47D7C5001FD0D7 /* FirebaseAppCheck in Frameworks */,
				28D1D2062B47D7C5001FD0D7 /* FirebaseAnalyticsWithoutAdIdSupport in Frameworks */,
				28D1D20C2B47D7C5001FD0D7 /* FirebaseAuth in Frameworks */,
				28D1D2102B47D7C5001FD0D7 /* FirebaseCrashlytics in Frameworks */,
				28D1D2302B47D7C5001FD0D7 /* FirebaseRemoteConfigSwift in Frameworks */,
				28D1D2222B47D7C5001FD0D7 /* FirebaseInAppMessaging-Beta in Frameworks */,
				28D1D2142B47D7C5001FD0D7 /* FirebaseDatabaseSwift in Frameworks */,
				28D1D21E2B47D7C5001FD0D7 /* FirebaseFunctions in Frameworks */,
				28D1D2342B47D7C5001FD0D7 /* FirebaseStorageCombine-Community in Frameworks */,
				28D1D22E2B47D7C5001FD0D7 /* FirebaseRemoteConfig in Frameworks */,
				28D1D20A2B47D7C5001FD0D7 /* FirebaseAppDistribution-Beta in Frameworks */,
				28D1D20E2B47D7C5001FD0D7 /* FirebaseAuthCombine-Community in Frameworks */,
				28D1D22C2B47D7C5001FD0D7 /* FirebasePerformance in Frameworks */,
				28D1D2242B47D7C5001FD0D7 /* FirebaseInAppMessagingSwift-Beta in Frameworks */,
				28D1D2322B47D7C5001FD0D7 /* FirebaseStorage in Frameworks */,
				28D1D2162B47D7C5001FD0D7 /* FirebaseDynamicLinks in Frameworks */,
				28D1D21A2B47D7C5001FD0D7 /* FirebaseFirestoreCombine-Community in Frameworks */,
				28D1D22A2B47D7C5001FD0D7 /* FirebaseMessaging in Frameworks */,
				28D1D2262B47D7C5001FD0D7 /* FirebaseInstallations in Frameworks */,
			);
			runOnlyForDeploymentPostprocessing = 0;
		};
		28E841E72B3BF80C003A9959 /* Frameworks */ = {
			isa = PBXFrameworksBuildPhase;
			buildActionMask = 2147483647;
			files = (
			);
			runOnlyForDeploymentPostprocessing = 0;
		};
		28E841F12B3BF80C003A9959 /* Frameworks */ = {
			isa = PBXFrameworksBuildPhase;
			buildActionMask = 2147483647;
			files = (
			);
			runOnlyForDeploymentPostprocessing = 0;
		};
/* End PBXFrameworksBuildPhase section */

/* Begin PBXGroup section */
		281E8ED52B3CE44F00DBE43B /* Authentication */ = {
			isa = PBXGroup;
			children = (
				281E8EDB2B3D284700DBE43B /* View */,
			);
			path = Authentication;
			sourceTree = "<group>";
		};
		281E8EDB2B3D284700DBE43B /* View */ = {
			isa = PBXGroup;
			children = (
				281E8ED12B3CE0CF00DBE43B /* Registration.swift */,
				281E8ED32B3CE0DB00DBE43B /* Login.swift */,
			);
			path = View;
			sourceTree = "<group>";
		};
		28E841CF2B3BF809003A9959 = {
			isa = PBXGroup;
			children = (
				28E841DA2B3BF809003A9959 /* App */,
				28E841ED2B3BF80C003A9959 /* AppTests */,
				28E841F72B3BF80C003A9959 /* AppUITests */,
				28E841D92B3BF809003A9959 /* Products */,
			);
			sourceTree = "<group>";
		};
		28E841D92B3BF809003A9959 /* Products */ = {
			isa = PBXGroup;
			children = (
				28E841D82B3BF809003A9959 /* App.app */,
				28E841EA2B3BF80C003A9959 /* AppTests.xctest */,
				28E841F42B3BF80C003A9959 /* AppUITests.xctest */,
			);
			name = Products;
			sourceTree = "<group>";
		};
		28E841DA2B3BF809003A9959 /* App */ = {
			isa = PBXGroup;
			children = (
				281E8ED52B3CE44F00DBE43B /* Authentication */,
				28E841DB2B3BF809003A9959 /* AppApp.swift */,
				28E841DD2B3BF809003A9959 /* ContentView.swift */,
				28E841DF2B3BF809003A9959 /* Item.swift */,
				28E841E12B3BF80B003A9959 /* Assets.xcassets */,
				28E841E32B3BF80B003A9959 /* Preview Content */,
				281E8ED62B3CE53300DBE43B /* User.swift */,
			);
			path = App;
			sourceTree = "<group>";
		};
		28E841E32B3BF80B003A9959 /* Preview Content */ = {
			isa = PBXGroup;
			children = (
				28E841E42B3BF80B003A9959 /* Preview Assets.xcassets */,
			);
			path = "Preview Content";
			sourceTree = "<group>";
		};
		28E841ED2B3BF80C003A9959 /* AppTests */ = {
			isa = PBXGroup;
			children = (
				28E841EE2B3BF80C003A9959 /* AppTests.swift */,
			);
			path = AppTests;
			sourceTree = "<group>";
		};
		28E841F72B3BF80C003A9959 /* AppUITests */ = {
			isa = PBXGroup;
			children = (
				28E841F82B3BF80C003A9959 /* AppUITests.swift */,
				28E841FA2B3BF80C003A9959 /* AppUITestsLaunchTests.swift */,
			);
			path = AppUITests;
			sourceTree = "<group>";
		};
/* End PBXGroup section */

/* Begin PBXNativeTarget section */
		28E841D72B3BF809003A9959 /* App */ = {
			isa = PBXNativeTarget;
			buildConfigurationList = 28E841FE2B3BF80C003A9959 /* Build configuration list for PBXNativeTarget "App" */;
			buildPhases = (
				28E841D42B3BF809003A9959 /* Sources */,
				28E841D52B3BF809003A9959 /* Frameworks */,
				28E841D62B3BF809003A9959 /* Resources */,
			);
			buildRules = (
			);
			dependencies = (
			);
			name = App;
			packageProductDependencies = (
				28D1D1FF2B47D7C5001FD0D7 /* FirebaseAnalytics */,
				28D1D2012B47D7C5001FD0D7 /* FirebaseAnalyticsOnDeviceConversion */,
				28D1D2032B47D7C5001FD0D7 /* FirebaseAnalyticsSwift */,
				28D1D2052B47D7C5001FD0D7 /* FirebaseAnalyticsWithoutAdIdSupport */,
				28D1D2072B47D7C5001FD0D7 /* FirebaseAppCheck */,
				28D1D2092B47D7C5001FD0D7 /* FirebaseAppDistribution-Beta */,
				28D1D20B2B47D7C5001FD0D7 /* FirebaseAuth */,
				28D1D20D2B47D7C5001FD0D7 /* FirebaseAuthCombine-Community */,
				28D1D20F2B47D7C5001FD0D7 /* FirebaseCrashlytics */,
				28D1D2112B47D7C5001FD0D7 /* FirebaseDatabase */,
				28D1D2132B47D7C5001FD0D7 /* FirebaseDatabaseSwift */,
				28D1D2152B47D7C5001FD0D7 /* FirebaseDynamicLinks */,
				28D1D2172B47D7C5001FD0D7 /* FirebaseFirestore */,
				28D1D2192B47D7C5001FD0D7 /* FirebaseFirestoreCombine-Community */,
				28D1D21B2B47D7C5001FD0D7 /* FirebaseFirestoreSwift */,
				28D1D21D2B47D7C5001FD0D7 /* FirebaseFunctions */,
				28D1D21F2B47D7C5001FD0D7 /* FirebaseFunctionsCombine-Community */,
				28D1D2212B47D7C5001FD0D7 /* FirebaseInAppMessaging-Beta */,
				28D1D2232B47D7C5001FD0D7 /* FirebaseInAppMessagingSwift-Beta */,
				28D1D2252B47D7C5001FD0D7 /* FirebaseInstallations */,
				28D1D2272B47D7C5001FD0D7 /* FirebaseMLModelDownloader */,
				28D1D2292B47D7C5001FD0D7 /* FirebaseMessaging */,
				28D1D22B2B47D7C5001FD0D7 /* FirebasePerformance */,
				28D1D22D2B47D7C5001FD0D7 /* FirebaseRemoteConfig */,
				28D1D22F2B47D7C5001FD0D7 /* FirebaseRemoteConfigSwift */,
				28D1D2312B47D7C5001FD0D7 /* FirebaseStorage */,
				28D1D2332B47D7C5001FD0D7 /* FirebaseStorageCombine-Community */,
			);
			productName = App;
			productReference = 28E841D82B3BF809003A9959 /* App.app */;
			productType = "com.apple.product-type.application";
		};
		28E841E92B3BF80C003A9959 /* AppTests */ = {
			isa = PBXNativeTarget;
			buildConfigurationList = 28E842012B3BF80C003A9959 /* Build configuration list for PBXNativeTarget "AppTests" */;
			buildPhases = (
				28E841E62B3BF80C003A9959 /* Sources */,
				28E841E72B3BF80C003A9959 /* Frameworks */,
				28E841E82B3BF80C003A9959 /* Resources */,
			);
			buildRules = (
			);
			dependencies = (
				28E841EC2B3BF80C003A9959 /* PBXTargetDependency */,
			);
			name = AppTests;
			productName = AppTests;
			productReference = 28E841EA2B3BF80C003A9959 /* AppTests.xctest */;
			productType = "com.apple.product-type.bundle.unit-test";
		};
		28E841F32B3BF80C003A9959 /* AppUITests */ = {
			isa = PBXNativeTarget;
			buildConfigurationList = 28E842042B3BF80C003A9959 /* Build configuration list for PBXNativeTarget "AppUITests" */;
			buildPhases = (
				28E841F02B3BF80C003A9959 /* Sources */,
				28E841F12B3BF80C003A9959 /* Frameworks */,
				28E841F22B3BF80C003A9959 /* Resources */,
			);
			buildRules = (
			);
			dependencies = (
				28E841F62B3BF80C003A9959 /* PBXTargetDependency */,
			);
			name = AppUITests;
			productName = AppUITests;
			productReference = 28E841F42B3BF80C003A9959 /* AppUITests.xctest */;
			productType = "com.apple.product-type.bundle.ui-testing";
		};
/* End PBXNativeTarget section */

/* Begin PBXProject section */
		28E841D02B3BF809003A9959 /* Project object */ = {
			isa = PBXProject;
			attributes = {
				BuildIndependentTargetsInParallel = 1;
				LastSwiftUpdateCheck = 1510;
				LastUpgradeCheck = 1510;
				TargetAttributes = {
					28E841D72B3BF809003A9959 = {
						CreatedOnToolsVersion = 15.1;
					};
					28E841E92B3BF80C003A9959 = {
						CreatedOnToolsVersion = 15.1;
						TestTargetID = 28E841D72B3BF809003A9959;
					};
					28E841F32B3BF80C003A9959 = {
						CreatedOnToolsVersion = 15.1;
						TestTargetID = 28E841D72B3BF809003A9959;
					};
				};
			};
			buildConfigurationList = 28E841D32B3BF809003A9959 /* Build configuration list for PBXProject "App" */;
			compatibilityVersion = "Xcode 14.0";
			developmentRegion = en;
			hasScannedForEncodings = 0;
			knownRegions = (
				en,
				Base,
			);
			mainGroup = 28E841CF2B3BF809003A9959;
			packageReferences = (
				281E8EDA2B3CE86A00DBE43B /* XCRemoteSwiftPackageReference "firebase-ios-sdk" */,
			);
			productRefGroup = 28E841D92B3BF809003A9959 /* Products */;
			projectDirPath = "";
			projectRoot = "";
			targets = (
				28E841D72B3BF809003A9959 /* App */,
				28E841E92B3BF80C003A9959 /* AppTests */,
				28E841F32B3BF80C003A9959 /* AppUITests */,
			);
		};
/* End PBXProject section */

/* Begin PBXResourcesBuildPhase section */
		28E841D62B3BF809003A9959 /* Resources */ = {
			isa = PBXResourcesBuildPhase;
			buildActionMask = 2147483647;
			files = (
				28E841E52B3BF80B003A9959 /* Preview Assets.xcassets in Resources */,
				28E841E22B3BF80B003A9959 /* Assets.xcassets in Resources */,
			);
			runOnlyForDeploymentPostprocessing = 0;
		};
		28E841E82B3BF80C003A9959 /* Resources */ = {
			isa = PBXResourcesBuildPhase;
			buildActionMask = 2147483647;
			files = (
			);
			runOnlyForDeploymentPostprocessing = 0;
		};
		28E841F22B3BF80C003A9959 /* Resources */ = {
			isa = PBXResourcesBuildPhase;
			buildActionMask = 2147483647;
			files = (
			);
			runOnlyForDeploymentPostprocessing = 0;
		};
/* End PBXResourcesBuildPhase section */

/* Begin PBXSourcesBuildPhase section */
		28E841D42B3BF809003A9959 /* Sources */ = {
			isa = PBXSourcesBuildPhase;
			buildActionMask = 2147483647;
			files = (
				281E8ED22B3CE0CF00DBE43B /* Registration.swift in Sources */,
				281E8ED42B3CE0DB00DBE43B /* Login.swift in Sources */,
				281E8ED72B3CE53300DBE43B /* User.swift in Sources */,
				28E841DE2B3BF809003A9959 /* ContentView.swift in Sources */,
				28E841E02B3BF809003A9959 /* Item.swift in Sources */,
				28E841DC2B3BF809003A9959 /* AppApp.swift in Sources */,
			);
			runOnlyForDeploymentPostprocessing = 0;
		};
		28E841E62B3BF80C003A9959 /* Sources */ = {
			isa = PBXSourcesBuildPhase;
			buildActionMask = 2147483647;
			files = (
				28E841EF2B3BF80C003A9959 /* AppTests.swift in Sources */,
			);
			runOnlyForDeploymentPostprocessing = 0;
		};
		28E841F02B3BF80C003A9959 /* Sources */ = {
			isa = PBXSourcesBuildPhase;
			buildActionMask = 2147483647;
			files = (
				28E841FB2B3BF80C003A9959 /* AppUITestsLaunchTests.swift in Sources */,
				28E841F92B3BF80C003A9959 /* AppUITests.swift in Sources */,
			);
			runOnlyForDeploymentPostprocessing = 0;
		};
/* End PBXSourcesBuildPhase section */

/* Begin PBXTargetDependency section */
		28E841EC2B3BF80C003A9959 /* PBXTargetDependency */ = {
			isa = PBXTargetDependency;
			target = 28E841D72B3BF809003A9959 /* App */;
			targetProxy = 28E841EB2B3BF80C003A9959 /* PBXContainerItemProxy */;
		};
		28E841F62B3BF80C003A9959 /* PBXTargetDependency */ = {
			isa = PBXTargetDependency;
			target = 28E841D72B3BF809003A9959 /* App */;
			targetProxy = 28E841F52B3BF80C003A9959 /* PBXContainerItemProxy */;
		};
/* End PBXTargetDependency section */

/* Begin XCBuildConfiguration section */
		28E841FC2B3BF80C003A9959 /* Debug */ = {
			isa = XCBuildConfiguration;
			buildSettings = {
				ALWAYS_SEARCH_USER_PATHS = NO;
				ASSETCATALOG_COMPILER_GENERATE_SWIFT_ASSET_SYMBOL_EXTENSIONS = YES;
				CLANG_ANALYZER_NONNULL = YES;
				CLANG_ANALYZER_NUMBER_OBJECT_CONVERSION = YES_AGGRESSIVE;
				CLANG_CXX_LANGUAGE_STANDARD = "gnu++20";
				CLANG_ENABLE_MODULES = YES;
				CLANG_ENABLE_OBJC_ARC = YES;
				CLANG_ENABLE_OBJC_WEAK = YES;
				CLANG_WARN_BLOCK_CAPTURE_AUTORELEASING = YES;
				CLANG_WARN_BOOL_CONVERSION = YES;
				CLANG_WARN_COMMA = YES;
				CLANG_WARN_CONSTANT_CONVERSION = YES;
				CLANG_WARN_DEPRECATED_OBJC_IMPLEMENTATIONS = YES;
				CLANG_WARN_DIRECT_OBJC_ISA_USAGE = YES_ERROR;
				CLANG_WARN_DOCUMENTATION_COMMENTS = YES;
				CLANG_WARN_EMPTY_BODY = YES;
				CLANG_WARN_ENUM_CONVERSION = YES;
				CLANG_WARN_INFINITE_RECURSION = YES;
				CLANG_WARN_INT_CONVERSION = YES;
				CLANG_WARN_NON_LITERAL_NULL_CONVERSION = YES;
				CLANG_WARN_OBJC_IMPLICIT_RETAIN_SELF = YES;
				CLANG_WARN_OBJC_LITERAL_CONVERSION = YES;
				CLANG_WARN_OBJC_ROOT_CLASS = YES_ERROR;
				CLANG_WARN_QUOTED_INCLUDE_IN_FRAMEWORK_HEADER = YES;
				CLANG_WARN_RANGE_LOOP_ANALYSIS = YES;
				CLANG_WARN_STRICT_PROTOTYPES = YES;
				CLANG_WARN_SUSPICIOUS_MOVE = YES;
				CLANG_WARN_UNGUARDED_AVAILABILITY = YES_AGGRESSIVE;
				CLANG_WARN_UNREACHABLE_CODE = YES;
				CLANG_WARN__DUPLICATE_METHOD_MATCH = YES;
				COPY_PHASE_STRIP = NO;
				DEBUG_INFORMATION_FORMAT = dwarf;
				ENABLE_STRICT_OBJC_MSGSEND = YES;
				ENABLE_TESTABILITY = YES;
				ENABLE_USER_SCRIPT_SANDBOXING = YES;
				GCC_C_LANGUAGE_STANDARD = gnu17;
				GCC_DYNAMIC_NO_PIC = NO;
				GCC_NO_COMMON_BLOCKS = YES;
				GCC_OPTIMIZATION_LEVEL = 0;
				GCC_PREPROCESSOR_DEFINITIONS = (
					"DEBUG=1",
					"$(inherited)",
				);
				GCC_WARN_64_TO_32_BIT_CONVERSION = YES;
				GCC_WARN_ABOUT_RETURN_TYPE = YES_ERROR;
				GCC_WARN_UNDECLARED_SELECTOR = YES;
				GCC_WARN_UNINITIALIZED_AUTOS = YES_AGGRESSIVE;
				GCC_WARN_UNUSED_FUNCTION = YES;
				GCC_WARN_UNUSED_VARIABLE = YES;
				IPHONEOS_DEPLOYMENT_TARGET = 17.2;
				LOCALIZATION_PREFERS_STRING_CATALOGS = YES;
				MTL_ENABLE_DEBUG_INFO = INCLUDE_SOURCE;
				MTL_FAST_MATH = YES;
				ONLY_ACTIVE_ARCH = YES;
				SDKROOT = iphoneos;
				SWIFT_ACTIVE_COMPILATION_CONDITIONS = "DEBUG $(inherited)";
				SWIFT_OPTIMIZATION_LEVEL = "-Onone";
			};
			name = Debug;
		};
		28E841FD2B3BF80C003A9959 /* Release */ = {
			isa = XCBuildConfiguration;
			buildSettings = {
				ALWAYS_SEARCH_USER_PATHS = NO;
				ASSETCATALOG_COMPILER_GENERATE_SWIFT_ASSET_SYMBOL_EXTENSIONS = YES;
				CLANG_ANALYZER_NONNULL = YES;
				CLANG_ANALYZER_NUMBER_OBJECT_CONVERSION = YES_AGGRESSIVE;
				CLANG_CXX_LANGUAGE_STANDARD = "gnu++20";
				CLANG_ENABLE_MODULES = YES;
				CLANG_ENABLE_OBJC_ARC = YES;
				CLANG_ENABLE_OBJC_WEAK = YES;
				CLANG_WARN_BLOCK_CAPTURE_AUTORELEASING = YES;
				CLANG_WARN_BOOL_CONVERSION = YES;
				CLANG_WARN_COMMA = YES;
				CLANG_WARN_CONSTANT_CONVERSION = YES;
				CLANG_WARN_DEPRECATED_OBJC_IMPLEMENTATIONS = YES;
				CLANG_WARN_DIRECT_OBJC_ISA_USAGE = YES_ERROR;
				CLANG_WARN_DOCUMENTATION_COMMENTS = YES;
				CLANG_WARN_EMPTY_BODY = YES;
				CLANG_WARN_ENUM_CONVERSION = YES;
				CLANG_WARN_INFINITE_RECURSION = YES;
				CLANG_WARN_INT_CONVERSION = YES;
				CLANG_WARN_NON_LITERAL_NULL_CONVERSION = YES;
				CLANG_WARN_OBJC_IMPLICIT_RETAIN_SELF = YES;
				CLANG_WARN_OBJC_LITERAL_CONVERSION = YES;
				CLANG_WARN_OBJC_ROOT_CLASS = YES_ERROR;
				CLANG_WARN_QUOTED_INCLUDE_IN_FRAMEWORK_HEADER = YES;
				CLANG_WARN_RANGE_LOOP_ANALYSIS = YES;
				CLANG_WARN_STRICT_PROTOTYPES = YES;
				CLANG_WARN_SUSPICIOUS_MOVE = YES;
				CLANG_WARN_UNGUARDED_AVAILABILITY = YES_AGGRESSIVE;
				CLANG_WARN_UNREACHABLE_CODE = YES;
				CLANG_WARN__DUPLICATE_METHOD_MATCH = YES;
				COPY_PHASE_STRIP = NO;
				DEBUG_INFORMATION_FORMAT = "dwarf-with-dsym";
				ENABLE_NS_ASSERTIONS = NO;
				ENABLE_STRICT_OBJC_MSGSEND = YES;
				ENABLE_USER_SCRIPT_SANDBOXING = YES;
				GCC_C_LANGUAGE_STANDARD = gnu17;
				GCC_NO_COMMON_BLOCKS = YES;
				GCC_WARN_64_TO_32_BIT_CONVERSION = YES;
				GCC_WARN_ABOUT_RETURN_TYPE = YES_ERROR;
				GCC_WARN_UNDECLARED_SELECTOR = YES;
				GCC_WARN_UNINITIALIZED_AUTOS = YES_AGGRESSIVE;
				GCC_WARN_UNUSED_FUNCTION = YES;
				GCC_WARN_UNUSED_VARIABLE = YES;
				IPHONEOS_DEPLOYMENT_TARGET = 17.2;
				LOCALIZATION_PREFERS_STRING_CATALOGS = YES;
				MTL_ENABLE_DEBUG_INFO = NO;
				MTL_FAST_MATH = YES;
				SDKROOT = iphoneos;
				SWIFT_COMPILATION_MODE = wholemodule;
				VALIDATE_PRODUCT = YES;
			};
			name = Release;
		};
		28E841FF2B3BF80C003A9959 /* Debug */ = {
			isa = XCBuildConfiguration;
			buildSettings = {
				ASSETCATALOG_COMPILER_APPICON_NAME = AppIcon;
				ASSETCATALOG_COMPILER_GLOBAL_ACCENT_COLOR_NAME = AccentColor;
				CODE_SIGN_STYLE = Automatic;
				CURRENT_PROJECT_VERSION = 1;
				DEVELOPMENT_ASSET_PATHS = "\"App/Preview Content\"";
				ENABLE_PREVIEWS = YES;
				GENERATE_INFOPLIST_FILE = YES;
				INFOPLIST_KEY_UIApplicationSceneManifest_Generation = YES;
				INFOPLIST_KEY_UIApplicationSupportsIndirectInputEvents = YES;
				INFOPLIST_KEY_UILaunchScreen_Generation = YES;
				INFOPLIST_KEY_UISupportedInterfaceOrientations_iPad = "UIInterfaceOrientationPortrait UIInterfaceOrientationPortraitUpsideDown UIInterfaceOrientationLandscapeLeft UIInterfaceOrientationLandscapeRight";
				INFOPLIST_KEY_UISupportedInterfaceOrientations_iPhone = "UIInterfaceOrientationPortrait UIInterfaceOrientationLandscapeLeft UIInterfaceOrientationLandscapeRight";
				LD_RUNPATH_SEARCH_PATHS = (
					"$(inherited)",
					"@executable_path/Frameworks",
				);
				MARKETING_VERSION = 1.0;
				PRODUCT_BUNDLE_IDENTIFIER = com.codewithmonty.App;
				PRODUCT_NAME = "$(TARGET_NAME)";
				SWIFT_EMIT_LOC_STRINGS = YES;
				SWIFT_VERSION = 5.0;
				TARGETED_DEVICE_FAMILY = "1,2";
			};
			name = Debug;
		};
		28E842002B3BF80C003A9959 /* Release */ = {
			isa = XCBuildConfiguration;
			buildSettings = {
				ASSETCATALOG_COMPILER_APPICON_NAME = AppIcon;
				ASSETCATALOG_COMPILER_GLOBAL_ACCENT_COLOR_NAME = AccentColor;
				CODE_SIGN_STYLE = Automatic;
				CURRENT_PROJECT_VERSION = 1;
				DEVELOPMENT_ASSET_PATHS = "\"App/Preview Content\"";
				ENABLE_PREVIEWS = YES;
				GENERATE_INFOPLIST_FILE = YES;
				INFOPLIST_KEY_UIApplicationSceneManifest_Generation = YES;
				INFOPLIST_KEY_UIApplicationSupportsIndirectInputEvents = YES;
				INFOPLIST_KEY_UILaunchScreen_Generation = YES;
				INFOPLIST_KEY_UISupportedInterfaceOrientations_iPad = "UIInterfaceOrientationPortrait UIInterfaceOrientationPortraitUpsideDown UIInterfaceOrientationLandscapeLeft UIInterfaceOrientationLandscapeRight";
				INFOPLIST_KEY_UISupportedInterfaceOrientations_iPhone = "UIInterfaceOrientationPortrait UIInterfaceOrientationLandscapeLeft UIInterfaceOrientationLandscapeRight";
				LD_RUNPATH_SEARCH_PATHS = (
					"$(inherited)",
					"@executable_path/Frameworks",
				);
				MARKETING_VERSION = 1.0;
				PRODUCT_BUNDLE_IDENTIFIER = com.codewithmonty.App;
				PRODUCT_NAME = "$(TARGET_NAME)";
				SWIFT_EMIT_LOC_STRINGS = YES;
				SWIFT_VERSION = 5.0;
				TARGETED_DEVICE_FAMILY = "1,2";
			};
			name = Release;
		};
		28E842022B3BF80C003A9959 /* Debug */ = {
			isa = XCBuildConfiguration;
			buildSettings = {
				ALWAYS_EMBED_SWIFT_STANDARD_LIBRARIES = YES;
				BUNDLE_LOADER = "$(TEST_HOST)";
				CODE_SIGN_STYLE = Automatic;
				CURRENT_PROJECT_VERSION = 1;
				GENERATE_INFOPLIST_FILE = YES;
				IPHONEOS_DEPLOYMENT_TARGET = 17.2;
				MARKETING_VERSION = 1.0;
				PRODUCT_BUNDLE_IDENTIFIER = com.codewithmonty.AppTests;
				PRODUCT_NAME = "$(TARGET_NAME)";
				SWIFT_EMIT_LOC_STRINGS = NO;
				SWIFT_VERSION = 5.0;
				TARGETED_DEVICE_FAMILY = "1,2";
				TEST_HOST = "$(BUILT_PRODUCTS_DIR)/App.app/$(BUNDLE_EXECUTABLE_FOLDER_PATH)/App";
			};
			name = Debug;
		};
		28E842032B3BF80C003A9959 /* Release */ = {
			isa = XCBuildConfiguration;
			buildSettings = {
				ALWAYS_EMBED_SWIFT_STANDARD_LIBRARIES = YES;
				BUNDLE_LOADER = "$(TEST_HOST)";
				CODE_SIGN_STYLE = Automatic;
				CURRENT_PROJECT_VERSION = 1;
				GENERATE_INFOPLIST_FILE = YES;
				IPHONEOS_DEPLOYMENT_TARGET = 17.2;
				MARKETING_VERSION = 1.0;
				PRODUCT_BUNDLE_IDENTIFIER = com.codewithmonty.AppTests;
				PRODUCT_NAME = "$(TARGET_NAME)";
				SWIFT_EMIT_LOC_STRINGS = NO;
				SWIFT_VERSION = 5.0;
				TARGETED_DEVICE_FAMILY = "1,2";
				TEST_HOST = "$(BUILT_PRODUCTS_DIR)/App.app/$(BUNDLE_EXECUTABLE_FOLDER_PATH)/App";
			};
			name = Release;
		};
		28E842052B3BF80C003A9959 /* Debug */ = {
			isa = XCBuildConfiguration;
			buildSettings = {
				ALWAYS_EMBED_SWIFT_STANDARD_LIBRARIES = YES;
				CODE_SIGN_STYLE = Automatic;
				CURRENT_PROJECT_VERSION = 1;
				GENERATE_INFOPLIST_FILE = YES;
				MARKETING_VERSION = 1.0;
				PRODUCT_BUNDLE_IDENTIFIER = com.codewithmonty.AppUITests;
				PRODUCT_NAME = "$(TARGET_NAME)";
				SWIFT_EMIT_LOC_STRINGS = NO;
				SWIFT_VERSION = 5.0;
				TARGETED_DEVICE_FAMILY = "1,2";
				TEST_TARGET_NAME = App;
			};
			name = Debug;
		};
		28E842062B3BF80C003A9959 /* Release */ = {
			isa = XCBuildConfiguration;
			buildSettings = {
				ALWAYS_EMBED_SWIFT_STANDARD_LIBRARIES = YES;
				CODE_SIGN_STYLE = Automatic;
				CURRENT_PROJECT_VERSION = 1;
				GENERATE_INFOPLIST_FILE = YES;
				MARKETING_VERSION = 1.0;
				PRODUCT_BUNDLE_IDENTIFIER = com.codewithmonty.AppUITests;
				PRODUCT_NAME = "$(TARGET_NAME)";
				SWIFT_EMIT_LOC_STRINGS = NO;
				SWIFT_VERSION = 5.0;
				TARGETED_DEVICE_FAMILY = "1,2";
				TEST_TARGET_NAME = App;
			};
			name = Release;
		};
/* End XCBuildConfiguration section */

/* Begin XCConfigurationList section */
		28E841D32B3BF809003A9959 /* Build configuration list for PBXProject "App" */ = {
			isa = XCConfigurationList;
			buildConfigurations = (
				28E841FC2B3BF80C003A9959 /* Debug */,
				28E841FD2B3BF80C003A9959 /* Release */,
			);
			defaultConfigurationIsVisible = 0;
			defaultConfigurationName = Release;
		};
		28E841FE2B3BF80C003A9959 /* Build configuration list for PBXNativeTarget "App" */ = {
			isa = XCConfigurationList;
			buildConfigurations = (
				28E841FF2B3BF80C003A9959 /* Debug */,
				28E842002B3BF80C003A9959 /* Release */,
			);
			defaultConfigurationIsVisible = 0;
			defaultConfigurationName = Release;
		};
		28E842012B3BF80C003A9959 /* Build configuration list for PBXNativeTarget "AppTests" */ = {
			isa = XCConfigurationList;
			buildConfigurations = (
				28E842022B3BF80C003A9959 /* Debug */,
				28E842032B3BF80C003A9959 /* Release */,
			);
			defaultConfigurationIsVisible = 0;
			defaultConfigurationName = Release;
		};
		28E842042B3BF80C003A9959 /* Build configuration list for PBXNativeTarget "AppUITests" */ = {
			isa = XCConfigurationList;
			buildConfigurations = (
				28E842052B3BF80C003A9959 /* Debug */,
				28E842062B3BF80C003A9959 /* Release */,
			);
			defaultConfigurationIsVisible = 0;
			defaultConfigurationName = Release;
		};
/* End XCConfigurationList section */

/* Begin XCRemoteSwiftPackageReference section */
		281E8EDA2B3CE86A00DBE43B /* XCRemoteSwiftPackageReference "firebase-ios-sdk" */ = {
			isa = XCRemoteSwiftPackageReference;
			repositoryURL = "https://github.com/firebase/firebase-ios-sdk";
			requirement = {
				kind = upToNextMajorVersion;
				minimumVersion = 10.19.1;
			};
		};
/* End XCRemoteSwiftPackageReference section */

/* Begin XCSwiftPackageProductDependency section */
		28D1D1FF2B47D7C5001FD0D7 /* FirebaseAnalytics */ = {
			isa = XCSwiftPackageProductDependency;
			package = 281E8EDA2B3CE86A00DBE43B /* XCRemoteSwiftPackageReference "firebase-ios-sdk" */;
			productName = FirebaseAnalytics;
		};
		28D1D2012B47D7C5001FD0D7 /* FirebaseAnalyticsOnDeviceConversion */ = {
			isa = XCSwiftPackageProductDependency;
			package = 281E8EDA2B3CE86A00DBE43B /* XCRemoteSwiftPackageReference "firebase-ios-sdk" */;
			productName = FirebaseAnalyticsOnDeviceConversion;
		};
		28D1D2032B47D7C5001FD0D7 /* FirebaseAnalyticsSwift */ = {
			isa = XCSwiftPackageProductDependency;
			package = 281E8EDA2B3CE86A00DBE43B /* XCRemoteSwiftPackageReference "firebase-ios-sdk" */;
			productName = FirebaseAnalyticsSwift;
		};
		28D1D2052B47D7C5001FD0D7 /* FirebaseAnalyticsWithoutAdIdSupport */ = {
			isa = XCSwiftPackageProductDependency;
			package = 281E8EDA2B3CE86A00DBE43B /* XCRemoteSwiftPackageReference "firebase-ios-sdk" */;
			productName = FirebaseAnalyticsWithoutAdIdSupport;
		};
		28D1D2072B47D7C5001FD0D7 /* FirebaseAppCheck */ = {
			isa = XCSwiftPackageProductDependency;
			package = 281E8EDA2B3CE86A00DBE43B /* XCRemoteSwiftPackageReference "firebase-ios-sdk" */;
			productName = FirebaseAppCheck;
		};
		28D1D2092B47D7C5001FD0D7 /* FirebaseAppDistribution-Beta */ = {
			isa = XCSwiftPackageProductDependency;
			package = 281E8EDA2B3CE86A00DBE43B /* XCRemoteSwiftPackageReference "firebase-ios-sdk" */;
			productName = "FirebaseAppDistribution-Beta";
		};
		28D1D20B2B47D7C5001FD0D7 /* FirebaseAuth */ = {
			isa = XCSwiftPackageProductDependency;
			package = 281E8EDA2B3CE86A00DBE43B /* XCRemoteSwiftPackageReference "firebase-ios-sdk" */;
			productName = FirebaseAuth;
		};
		28D1D20D2B47D7C5001FD0D7 /* FirebaseAuthCombine-Community */ = {
			isa = XCSwiftPackageProductDependency;
			package = 281E8EDA2B3CE86A00DBE43B /* XCRemoteSwiftPackageReference "firebase-ios-sdk" */;
			productName = "FirebaseAuthCombine-Community";
		};
		28D1D20F2B47D7C5001FD0D7 /* FirebaseCrashlytics */ = {
			isa = XCSwiftPackageProductDependency;
			package = 281E8EDA2B3CE86A00DBE43B /* XCRemoteSwiftPackageReference "firebase-ios-sdk" */;
			productName = FirebaseCrashlytics;
		};
		28D1D2112B47D7C5001FD0D7 /* FirebaseDatabase */ = {
			isa = XCSwiftPackageProductDependency;
			package = 281E8EDA2B3CE86A00DBE43B /* XCRemoteSwiftPackageReference "firebase-ios-sdk" */;
			productName = FirebaseDatabase;
		};
		28D1D2132B47D7C5001FD0D7 /* FirebaseDatabaseSwift */ = {
			isa = XCSwiftPackageProductDependency;
			package = 281E8EDA2B3CE86A00DBE43B /* XCRemoteSwiftPackageReference "firebase-ios-sdk" */;
			productName = FirebaseDatabaseSwift;
		};
		28D1D2152B47D7C5001FD0D7 /* FirebaseDynamicLinks */ = {
			isa = XCSwiftPackageProductDependency;
			package = 281E8EDA2B3CE86A00DBE43B /* XCRemoteSwiftPackageReference "firebase-ios-sdk" */;
			productName = FirebaseDynamicLinks;
		};
		28D1D2172B47D7C5001FD0D7 /* FirebaseFirestore */ = {
			isa = XCSwiftPackageProductDependency;
			package = 281E8EDA2B3CE86A00DBE43B /* XCRemoteSwiftPackageReference "firebase-ios-sdk" */;
			productName = FirebaseFirestore;
		};
		28D1D2192B47D7C5001FD0D7 /* FirebaseFirestoreCombine-Community */ = {
			isa = XCSwiftPackageProductDependency;
			package = 281E8EDA2B3CE86A00DBE43B /* XCRemoteSwiftPackageReference "firebase-ios-sdk" */;
			productName = "FirebaseFirestoreCombine-Community";
		};
		28D1D21B2B47D7C5001FD0D7 /* FirebaseFirestoreSwift */ = {
			isa = XCSwiftPackageProductDependency;
			package = 281E8EDA2B3CE86A00DBE43B /* XCRemoteSwiftPackageReference "firebase-ios-sdk" */;
			productName = FirebaseFirestoreSwift;
		};
		28D1D21D2B47D7C5001FD0D7 /* FirebaseFunctions */ = {
			isa = XCSwiftPackageProductDependency;
			package = 281E8EDA2B3CE86A00DBE43B /* XCRemoteSwiftPackageReference "firebase-ios-sdk" */;
			productName = FirebaseFunctions;
		};
		28D1D21F2B47D7C5001FD0D7 /* FirebaseFunctionsCombine-Community */ = {
			isa = XCSwiftPackageProductDependency;
			package = 281E8EDA2B3CE86A00DBE43B /* XCRemoteSwiftPackageReference "firebase-ios-sdk" */;
			productName = "FirebaseFunctionsCombine-Community";
		};
		28D1D2212B47D7C5001FD0D7 /* FirebaseInAppMessaging-Beta */ = {
			isa = XCSwiftPackageProductDependency;
			package = 281E8EDA2B3CE86A00DBE43B /* XCRemoteSwiftPackageReference "firebase-ios-sdk" */;
			productName = "FirebaseInAppMessaging-Beta";
		};
		28D1D2232B47D7C5001FD0D7 /* FirebaseInAppMessagingSwift-Beta */ = {
			isa = XCSwiftPackageProductDependency;
			package = 281E8EDA2B3CE86A00DBE43B /* XCRemoteSwiftPackageReference "firebase-ios-sdk" */;
			productName = "FirebaseInAppMessagingSwift-Beta";
		};
		28D1D2252B47D7C5001FD0D7 /* FirebaseInstallations */ = {
			isa = XCSwiftPackageProductDependency;
			package = 281E8EDA2B3CE86A00DBE43B /* XCRemoteSwiftPackageReference "firebase-ios-sdk" */;
			productName = FirebaseInstallations;
		};
		28D1D2272B47D7C5001FD0D7 /* FirebaseMLModelDownloader */ = {
			isa = XCSwiftPackageProductDependency;
			package = 281E8EDA2B3CE86A00DBE43B /* XCRemoteSwiftPackageReference "firebase-ios-sdk" */;
			productName = FirebaseMLModelDownloader;
		};
		28D1D2292B47D7C5001FD0D7 /* FirebaseMessaging */ = {
			isa = XCSwiftPackageProductDependency;
			package = 281E8EDA2B3CE86A00DBE43B /* XCRemoteSwiftPackageReference "firebase-ios-sdk" */;
			productName = FirebaseMessaging;
		};
		28D1D22B2B47D7C5001FD0D7 /* FirebasePerformance */ = {
			isa = XCSwiftPackageProductDependency;
			package = 281E8EDA2B3CE86A00DBE43B /* XCRemoteSwiftPackageReference "firebase-ios-sdk" */;
			productName = FirebasePerformance;
		};
		28D1D22D2B47D7C5001FD0D7 /* FirebaseRemoteConfig */ = {
			isa = XCSwiftPackageProductDependency;
			package = 281E8EDA2B3CE86A00DBE43B /* XCRemoteSwiftPackageReference "firebase-ios-sdk" */;
			productName = FirebaseRemoteConfig;
		};
		28D1D22F2B47D7C5001FD0D7 /* FirebaseRemoteConfigSwift */ = {
			isa = XCSwiftPackageProductDependency;
			package = 281E8EDA2B3CE86A00DBE43B /* XCRemoteSwiftPackageReference "firebase-ios-sdk" */;
			productName = FirebaseRemoteConfigSwift;
		};
		28D1D2312B47D7C5001FD0D7 /* FirebaseStorage */ = {
			isa = XCSwiftPackageProductDependency;
			package = 281E8EDA2B3CE86A00DBE43B /* XCRemoteSwiftPackageReference "firebase-ios-sdk" */;
			productName = FirebaseStorage;
		};
		28D1D2332B47D7C5001FD0D7 /* FirebaseStorageCombine-Community */ = {
			isa = XCSwiftPackageProductDependency;
			package = 281E8EDA2B3CE86A00DBE43B /* XCRemoteSwiftPackageReference "firebase-ios-sdk" */;
			productName = "FirebaseStorageCombine-Community";
		};
/* End XCSwiftPackageProductDependency section */
	};
	rootObject = 28E841D02B3BF809003A9959 /* Project object */;
}
